
Microsoft Visual Studio Solution File, Format Version 12.00
# Visual Studio 15
VisualStudioVersion = 15.0.27130.2036
MinimumVisualStudioVersion = 10.0.40219.1
Project("{FAE04EC0-301F-11D3-BF4B-00C04F79EFBC}") = "CamelCase", "CamelCase\CamelCase.csproj", "{837FDB75-E6AF-4178-90D3-44CAB4734791}"
EndProject
Global
	GlobalSection(SolutionConfigurationPlatforms) = preSolution
		Debug|Any CPU = Debug|Any CPU
		Release|Any CPU = Release|Any CPU
	EndGlobalSection
	GlobalSection(ProjectConfigurationPlatforms) = postSolution
		{837FDB75-E6AF-4178-90D3-44CAB4734791}.Debug|Any CPU.ActiveCfg = Debug|Any CPU
		{837FDB75-E6AF-4178-90D3-44CAB4734791}.Debug|Any CPU.Build.0 = Debug|Any CPU
		{837FDB75-E6AF-4178-90D3-44CAB4734791}.Release|Any CPU.ActiveCfg = Release|Any CPU
		{837FDB75-E6AF-4178-90D3-44CAB4734791}.Release|Any CPU.Build.0 = Release|Any CPU
	EndGlobalSection
	GlobalSection(SolutionProperties) = preSolution
		HideSolutionNode = FALSE
	EndGlobalSection
	GlobalSection(ExtensibilityGlobals) = postSolution
		SolutionGuid = {5EC8A9C7-CBB0-4BD4-9595-8844FE25E62B}
	EndGlobalSection
EndGlobal
